
Microsoft Visual Studio Solution File, Format Version 12.00
# Visual Studio 14
VisualStudioVersion = 14.0.23107.0
MinimumVisualStudioVersion = 10.0.40219.1
Project("{8BC9CEB8-8B4A-11D0-8D11-00A0C91BC942}") = "FolderBrowserDlgDemo", "FolderBrowserDlgDemo\FolderBrowserDlgDemo.vcxproj", "{7CD35104-9CEF-458B-A5B0-C1F5C040A5AF}"
EndProject
Project("{8BC9CEB8-8B4A-11D0-8D11-00A0C91BC942}") = "STLDemo", "STLDemo\STLDemo.vcxproj", "{F523D1E9-4CF4-4BDB-824E-718816F79737}"
EndProject
Global
	GlobalSection(SolutionConfigurationPlatforms) = preSolution
		Debug|ARM = Debug|ARM
		Debug|x64 = Debug|x64
		Debug|x86 = Debug|x86
		Release|ARM = Release|ARM
		Release|x64 = Release|x64
		Release|x86 = Release|x86
	EndGlobalSection
	GlobalSection(ProjectConfigurationPlatforms) = postSolution
		{7CD35104-9CEF-458B-A5B0-C1F5C040A5AF}.Debug|ARM.ActiveCfg = Debug|Win32
		{7CD35104-9CEF-458B-A5B0-C1F5C040A5AF}.Debug|x64.ActiveCfg = Debug|x64
		{7CD35104-9CEF-458B-A5B0-C1F5C040A5AF}.Debug|x64.Build.0 = Debug|x64
		{7CD35104-9CEF-458B-A5B0-C1F5C040A5AF}.Debug|x86.ActiveCfg = Debug|Win32
		{7CD35104-9CEF-458B-A5B0-C1F5C040A5AF}.Debug|x86.Build.0 = Debug|Win32
		{7CD35104-9CEF-458B-A5B0-C1F5C040A5AF}.Release|ARM.ActiveCfg = Release|Win32
		{7CD35104-9CEF-458B-A5B0-C1F5C040A5AF}.Release|x64.ActiveCfg = Release|x64
		{7CD35104-9CEF-458B-A5B0-C1F5C040A5AF}.Release|x64.Build.0 = Release|x64
		{7CD35104-9CEF-458B-A5B0-C1F5C040A5AF}.Release|x86.ActiveCfg = Release|Win32
		{7CD35104-9CEF-458B-A5B0-C1F5C040A5AF}.Release|x86.Build.0 = Release|Win32
		{F523D1E9-4CF4-4BDB-824E-718816F79737}.Debug|ARM.ActiveCfg = Debug|Win32
		{F523D1E9-4CF4-4BDB-824E-718816F79737}.Debug|x64.ActiveCfg = Debug|x64
		{F523D1E9-4CF4-4BDB-824E-718816F79737}.Debug|x64.Build.0 = Debug|x64
		{F523D1E9-4CF4-4BDB-824E-718816F79737}.Debug|x86.ActiveCfg = Debug|Win32
		{F523D1E9-4CF4-4BDB-824E-718816F79737}.Debug|x86.Build.0 = Debug|Win32
		{F523D1E9-4CF4-4BDB-824E-718816F79737}.Release|ARM.ActiveCfg = Release|Win32
		{F523D1E9-4CF4-4BDB-824E-718816F79737}.Release|x64.ActiveCfg = Release|x64
		{F523D1E9-4CF4-4BDB-824E-718816F79737}.Release|x64.Build.0 = Release|x64
		{F523D1E9-4CF4-4BDB-824E-718816F79737}.Release|x86.ActiveCfg = Release|Win32
		{F523D1E9-4CF4-4BDB-824E-718816F79737}.Release|x86.Build.0 = Release|Win32
	EndGlobalSection
	GlobalSection(SolutionProperties) = preSolution
		HideSolutionNode = FALSE
	EndGlobalSection
EndGlobal
