
Microsoft Visual Studio Solution File, Format Version 12.00
# Visual Studio 14
VisualStudioVersion = 14.0.25420.1
MinimumVisualStudioVersion = 10.0.40219.1
Project("{8BC9CEB8-8B4A-11D0-8D11-00A0C91BC942}") = "FolderBrowserDlgDemo", "FolderBrowserDlgDemo\FolderBrowserDlgDemo.vcxproj", "{7CD35104-9CEF-458B-A5B0-C1F5C040A5AF}"
EndProject
Project("{8BC9CEB8-8B4A-11D0-8D11-00A0C91BC942}") = "STLDemo", "STLDemo\STLDemo.vcxproj", "{F523D1E9-4CF4-4BDB-824E-718816F79737}"
EndProject
Project("{8BC9CEB8-8B4A-11D0-8D11-00A0C91BC942}") = "StringDistanceRecursive", "StringDistanceRecursive\StringDistanceRecursive.vcxproj", "{F8DDB6DB-2A1B-4463-8A1C-419EEBC1D71B}"
EndProject
Project("{8BC9CEB8-8B4A-11D0-8D11-00A0C91BC942}") = "StringDistance", "StringDistance\StringDistance.vcxproj", "{AA206B7D-24FC-4CCC-AD1E-C2B589ECB386}"
EndProject
Project("{FAE04EC0-301F-11D3-BF4B-00C04F79EFBC}") = "StringDistanceSharpDemo", "StringDistanceSharpDemo\StringDistanceSharpDemo.csproj", "{EE0611DF-A947-4D61-9787-4763D15BEC07}"
EndProject
Project("{8BC9CEB8-8B4A-11D0-8D11-00A0C91BC942}") = "StringDistanceTest", "StringDistanceTest\StringDistanceTest.vcxproj", "{D65D40C2-E88A-4556-9D49-9AC5564EB8C7}"
EndProject
Project("{FAE04EC0-301F-11D3-BF4B-00C04F79EFBC}") = "PdfTableExtractDemo", "PdfTableExtractDemo\PdfTableExtractDemo.csproj", "{41FFD813-3968-4DD8-8E1B-ED564461B25F}"
EndProject
Global
	GlobalSection(SolutionConfigurationPlatforms) = preSolution
		Debug|Any CPU = Debug|Any CPU
		Debug|ARM = Debug|ARM
		Debug|x64 = Debug|x64
		Debug|x86 = Debug|x86
		Release|Any CPU = Release|Any CPU
		Release|ARM = Release|ARM
		Release|x64 = Release|x64
		Release|x86 = Release|x86
	EndGlobalSection
	GlobalSection(ProjectConfigurationPlatforms) = postSolution
		{7CD35104-9CEF-458B-A5B0-C1F5C040A5AF}.Debug|Any CPU.ActiveCfg = Debug|Win32
		{7CD35104-9CEF-458B-A5B0-C1F5C040A5AF}.Debug|ARM.ActiveCfg = Debug|Win32
		{7CD35104-9CEF-458B-A5B0-C1F5C040A5AF}.Debug|x64.ActiveCfg = Debug|x64
		{7CD35104-9CEF-458B-A5B0-C1F5C040A5AF}.Debug|x64.Build.0 = Debug|x64
		{7CD35104-9CEF-458B-A5B0-C1F5C040A5AF}.Debug|x86.ActiveCfg = Debug|Win32
		{7CD35104-9CEF-458B-A5B0-C1F5C040A5AF}.Debug|x86.Build.0 = Debug|Win32
		{7CD35104-9CEF-458B-A5B0-C1F5C040A5AF}.Release|Any CPU.ActiveCfg = Release|Win32
		{7CD35104-9CEF-458B-A5B0-C1F5C040A5AF}.Release|ARM.ActiveCfg = Release|Win32
		{7CD35104-9CEF-458B-A5B0-C1F5C040A5AF}.Release|x64.ActiveCfg = Release|x64
		{7CD35104-9CEF-458B-A5B0-C1F5C040A5AF}.Release|x64.Build.0 = Release|x64
		{7CD35104-9CEF-458B-A5B0-C1F5C040A5AF}.Release|x86.ActiveCfg = Release|Win32
		{7CD35104-9CEF-458B-A5B0-C1F5C040A5AF}.Release|x86.Build.0 = Release|Win32
		{F523D1E9-4CF4-4BDB-824E-718816F79737}.Debug|Any CPU.ActiveCfg = Debug|Win32
		{F523D1E9-4CF4-4BDB-824E-718816F79737}.Debug|ARM.ActiveCfg = Debug|Win32
		{F523D1E9-4CF4-4BDB-824E-718816F79737}.Debug|x64.ActiveCfg = Debug|x64
		{F523D1E9-4CF4-4BDB-824E-718816F79737}.Debug|x64.Build.0 = Debug|x64
		{F523D1E9-4CF4-4BDB-824E-718816F79737}.Debug|x86.ActiveCfg = Debug|Win32
		{F523D1E9-4CF4-4BDB-824E-718816F79737}.Debug|x86.Build.0 = Debug|Win32
		{F523D1E9-4CF4-4BDB-824E-718816F79737}.Release|Any CPU.ActiveCfg = Release|Win32
		{F523D1E9-4CF4-4BDB-824E-718816F79737}.Release|ARM.ActiveCfg = Release|Win32
		{F523D1E9-4CF4-4BDB-824E-718816F79737}.Release|x64.ActiveCfg = Release|x64
		{F523D1E9-4CF4-4BDB-824E-718816F79737}.Release|x64.Build.0 = Release|x64
		{F523D1E9-4CF4-4BDB-824E-718816F79737}.Release|x86.ActiveCfg = Release|Win32
		{F523D1E9-4CF4-4BDB-824E-718816F79737}.Release|x86.Build.0 = Release|Win32
		{F8DDB6DB-2A1B-4463-8A1C-419EEBC1D71B}.Debug|Any CPU.ActiveCfg = Debug|Win32
		{F8DDB6DB-2A1B-4463-8A1C-419EEBC1D71B}.Debug|ARM.ActiveCfg = Debug|Win32
		{F8DDB6DB-2A1B-4463-8A1C-419EEBC1D71B}.Debug|x64.ActiveCfg = Debug|x64
		{F8DDB6DB-2A1B-4463-8A1C-419EEBC1D71B}.Debug|x64.Build.0 = Debug|x64
		{F8DDB6DB-2A1B-4463-8A1C-419EEBC1D71B}.Debug|x86.ActiveCfg = Debug|Win32
		{F8DDB6DB-2A1B-4463-8A1C-419EEBC1D71B}.Debug|x86.Build.0 = Debug|Win32
		{F8DDB6DB-2A1B-4463-8A1C-419EEBC1D71B}.Release|Any CPU.ActiveCfg = Release|Win32
		{F8DDB6DB-2A1B-4463-8A1C-419EEBC1D71B}.Release|ARM.ActiveCfg = Release|Win32
		{F8DDB6DB-2A1B-4463-8A1C-419EEBC1D71B}.Release|x64.ActiveCfg = Release|x64
		{F8DDB6DB-2A1B-4463-8A1C-419EEBC1D71B}.Release|x64.Build.0 = Release|x64
		{F8DDB6DB-2A1B-4463-8A1C-419EEBC1D71B}.Release|x86.ActiveCfg = Release|Win32
		{F8DDB6DB-2A1B-4463-8A1C-419EEBC1D71B}.Release|x86.Build.0 = Release|Win32
		{AA206B7D-24FC-4CCC-AD1E-C2B589ECB386}.Debug|Any CPU.ActiveCfg = Debug|Win32
		{AA206B7D-24FC-4CCC-AD1E-C2B589ECB386}.Debug|ARM.ActiveCfg = Debug|Win32
		{AA206B7D-24FC-4CCC-AD1E-C2B589ECB386}.Debug|x64.ActiveCfg = Debug|x64
		{AA206B7D-24FC-4CCC-AD1E-C2B589ECB386}.Debug|x64.Build.0 = Debug|x64
		{AA206B7D-24FC-4CCC-AD1E-C2B589ECB386}.Debug|x86.ActiveCfg = Debug|Win32
		{AA206B7D-24FC-4CCC-AD1E-C2B589ECB386}.Debug|x86.Build.0 = Debug|Win32
		{AA206B7D-24FC-4CCC-AD1E-C2B589ECB386}.Release|Any CPU.ActiveCfg = Release|Win32
		{AA206B7D-24FC-4CCC-AD1E-C2B589ECB386}.Release|ARM.ActiveCfg = Release|Win32
		{AA206B7D-24FC-4CCC-AD1E-C2B589ECB386}.Release|x64.ActiveCfg = Release|x64
		{AA206B7D-24FC-4CCC-AD1E-C2B589ECB386}.Release|x64.Build.0 = Release|x64
		{AA206B7D-24FC-4CCC-AD1E-C2B589ECB386}.Release|x86.ActiveCfg = Release|Win32
		{AA206B7D-24FC-4CCC-AD1E-C2B589ECB386}.Release|x86.Build.0 = Release|Win32
		{EE0611DF-A947-4D61-9787-4763D15BEC07}.Debug|Any CPU.ActiveCfg = Debug|Any CPU
		{EE0611DF-A947-4D61-9787-4763D15BEC07}.Debug|Any CPU.Build.0 = Debug|Any CPU
		{EE0611DF-A947-4D61-9787-4763D15BEC07}.Debug|ARM.ActiveCfg = Debug|Any CPU
		{EE0611DF-A947-4D61-9787-4763D15BEC07}.Debug|ARM.Build.0 = Debug|Any CPU
		{EE0611DF-A947-4D61-9787-4763D15BEC07}.Debug|x64.ActiveCfg = Debug|Any CPU
		{EE0611DF-A947-4D61-9787-4763D15BEC07}.Debug|x64.Build.0 = Debug|Any CPU
		{EE0611DF-A947-4D61-9787-4763D15BEC07}.Debug|x86.ActiveCfg = Debug|Any CPU
		{EE0611DF-A947-4D61-9787-4763D15BEC07}.Debug|x86.Build.0 = Debug|Any CPU
		{EE0611DF-A947-4D61-9787-4763D15BEC07}.Release|Any CPU.ActiveCfg = Release|Any CPU
		{EE0611DF-A947-4D61-9787-4763D15BEC07}.Release|Any CPU.Build.0 = Release|Any CPU
		{EE0611DF-A947-4D61-9787-4763D15BEC07}.Release|ARM.ActiveCfg = Release|Any CPU
		{EE0611DF-A947-4D61-9787-4763D15BEC07}.Release|ARM.Build.0 = Release|Any CPU
		{EE0611DF-A947-4D61-9787-4763D15BEC07}.Release|x64.ActiveCfg = Release|Any CPU
		{EE0611DF-A947-4D61-9787-4763D15BEC07}.Release|x64.Build.0 = Release|Any CPU
		{EE0611DF-A947-4D61-9787-4763D15BEC07}.Release|x86.ActiveCfg = Release|Any CPU
		{EE0611DF-A947-4D61-9787-4763D15BEC07}.Release|x86.Build.0 = Release|Any CPU
		{D65D40C2-E88A-4556-9D49-9AC5564EB8C7}.Debug|Any CPU.ActiveCfg = Debug|Win32
		{D65D40C2-E88A-4556-9D49-9AC5564EB8C7}.Debug|ARM.ActiveCfg = Debug|Win32
		{D65D40C2-E88A-4556-9D49-9AC5564EB8C7}.Debug|x64.ActiveCfg = Debug|x64
		{D65D40C2-E88A-4556-9D49-9AC5564EB8C7}.Debug|x64.Build.0 = Debug|x64
		{D65D40C2-E88A-4556-9D49-9AC5564EB8C7}.Debug|x86.ActiveCfg = Debug|Win32
		{D65D40C2-E88A-4556-9D49-9AC5564EB8C7}.Debug|x86.Build.0 = Debug|Win32
		{D65D40C2-E88A-4556-9D49-9AC5564EB8C7}.Release|Any CPU.ActiveCfg = Release|Win32
		{D65D40C2-E88A-4556-9D49-9AC5564EB8C7}.Release|ARM.ActiveCfg = Release|Win32
		{D65D40C2-E88A-4556-9D49-9AC5564EB8C7}.Release|x64.ActiveCfg = Release|x64
		{D65D40C2-E88A-4556-9D49-9AC5564EB8C7}.Release|x64.Build.0 = Release|x64
		{D65D40C2-E88A-4556-9D49-9AC5564EB8C7}.Release|x86.ActiveCfg = Release|Win32
		{D65D40C2-E88A-4556-9D49-9AC5564EB8C7}.Release|x86.Build.0 = Release|Win32
		{41FFD813-3968-4DD8-8E1B-ED564461B25F}.Debug|Any CPU.ActiveCfg = Debug|Any CPU
		{41FFD813-3968-4DD8-8E1B-ED564461B25F}.Debug|Any CPU.Build.0 = Debug|Any CPU
		{41FFD813-3968-4DD8-8E1B-ED564461B25F}.Debug|ARM.ActiveCfg = Debug|Any CPU
		{41FFD813-3968-4DD8-8E1B-ED564461B25F}.Debug|ARM.Build.0 = Debug|Any CPU
		{41FFD813-3968-4DD8-8E1B-ED564461B25F}.Debug|x64.ActiveCfg = Debug|Any CPU
		{41FFD813-3968-4DD8-8E1B-ED564461B25F}.Debug|x64.Build.0 = Debug|Any CPU
		{41FFD813-3968-4DD8-8E1B-ED564461B25F}.Debug|x86.ActiveCfg = Debug|Any CPU
		{41FFD813-3968-4DD8-8E1B-ED564461B25F}.Debug|x86.Build.0 = Debug|Any CPU
		{41FFD813-3968-4DD8-8E1B-ED564461B25F}.Release|Any CPU.ActiveCfg = Release|Any CPU
		{41FFD813-3968-4DD8-8E1B-ED564461B25F}.Release|Any CPU.Build.0 = Release|Any CPU
		{41FFD813-3968-4DD8-8E1B-ED564461B25F}.Release|ARM.ActiveCfg = Release|Any CPU
		{41FFD813-3968-4DD8-8E1B-ED564461B25F}.Release|ARM.Build.0 = Release|Any CPU
		{41FFD813-3968-4DD8-8E1B-ED564461B25F}.Release|x64.ActiveCfg = Release|Any CPU
		{41FFD813-3968-4DD8-8E1B-ED564461B25F}.Release|x64.Build.0 = Release|Any CPU
		{41FFD813-3968-4DD8-8E1B-ED564461B25F}.Release|x86.ActiveCfg = Release|Any CPU
		{41FFD813-3968-4DD8-8E1B-ED564461B25F}.Release|x86.Build.0 = Release|Any CPU
	EndGlobalSection
	GlobalSection(SolutionProperties) = preSolution
		HideSolutionNode = FALSE
	EndGlobalSection
EndGlobal
